
Microsoft Visual Studio Solution File, Format Version 12.00
# Visual Studio Version 16
VisualStudioVersion = 16.0.31205.134
MinimumVisualStudioVersion = 10.0.40219.1
Project("{FAE04EC0-301F-11D3-BF4B-00C04F79EFBC}") = "Codebelt.Cdn.Origin", "src\Codebelt.Cdn.Origin\Codebelt.Cdn.Origin.csproj", "{6F1740FB-2FA7-466B-88B9-D2570F88F497}"
EndProject
Global
	GlobalSection(SolutionConfigurationPlatforms) = preSolution
		Debug|Any CPU = Debug|Any CPU
		Release|Any CPU = Release|Any CPU
	EndGlobalSection
	GlobalSection(ProjectConfigurationPlatforms) = postSolution
		{6F1740FB-2FA7-466B-88B9-D2570F88F497}.Debug|Any CPU.ActiveCfg = Debug|Any CPU
		{6F1740FB-2FA7-466B-88B9-D2570F88F497}.Debug|Any CPU.Build.0 = Debug|Any CPU
		{6F1740FB-2FA7-466B-88B9-D2570F88F497}.Release|Any CPU.ActiveCfg = Release|Any CPU
		{6F1740FB-2FA7-466B-88B9-D2570F88F497}.Release|Any CPU.Build.0 = Release|Any CPU
	EndGlobalSection
	GlobalSection(SolutionProperties) = preSolution
		HideSolutionNode = FALSE
	EndGlobalSection
	GlobalSection(ExtensibilityGlobals) = postSolution
		SolutionGuid = {4403305C-319F-407A-A0B7-04449B5BEE3E}
	EndGlobalSection
EndGlobal
